
Microsoft Visual Studio Solution File, Format Version 12.00
# Visual Studio Version 17
VisualStudioVersion = 17.4.33205.214
MinimumVisualStudioVersion = 10.0.40219.1
Project("{FAE04EC0-301F-11D3-BF4B-00C04F79EFBC}") = "4", "4\4.csproj", "{53FF8A64-222E-4642-BBC9-17CD53DE056C}"
EndProject
Global
	GlobalSection(SolutionConfigurationPlatforms) = preSolution
		Debug|Any CPU = Debug|Any CPU
		Release|Any CPU = Release|Any CPU
	EndGlobalSection
	GlobalSection(ProjectConfigurationPlatforms) = postSolution
		{53FF8A64-222E-4642-BBC9-17CD53DE056C}.Debug|Any CPU.ActiveCfg = Debug|Any CPU
		{53FF8A64-222E-4642-BBC9-17CD53DE056C}.Debug|Any CPU.Build.0 = Debug|Any CPU
		{53FF8A64-222E-4642-BBC9-17CD53DE056C}.Release|Any CPU.ActiveCfg = Release|Any CPU
		{53FF8A64-222E-4642-BBC9-17CD53DE056C}.Release|Any CPU.Build.0 = Release|Any CPU
	EndGlobalSection
	GlobalSection(SolutionProperties) = preSolution
		HideSolutionNode = FALSE
	EndGlobalSection
	GlobalSection(ExtensibilityGlobals) = postSolution
		SolutionGuid = {EC99D5EF-418F-4F32-A84F-6E8511863CB6}
	EndGlobalSection
EndGlobal
